
Microsoft Visual Studio Solution File, Format Version 12.00
# Visual Studio Version 16
VisualStudioVersion = 16.0.30517.126
MinimumVisualStudioVersion = 10.0.40219.1
Project("{FAE04EC0-301F-11D3-BF4B-00C04F79EFBC}") = "ERPDistribuidora", "ERPDistribuidora.csproj", "{374120E9-9652-49E7-B33B-DF1D0A76CB0E}"
EndProject
Global
	GlobalSection(SolutionConfigurationPlatforms) = preSolution
		Debug|Any CPU = Debug|Any CPU
		Release|Any CPU = Release|Any CPU
	EndGlobalSection
	GlobalSection(ProjectConfigurationPlatforms) = postSolution
		{374120E9-9652-49E7-B33B-DF1D0A76CB0E}.Debug|Any CPU.ActiveCfg = Debug|Any CPU
		{374120E9-9652-49E7-B33B-DF1D0A76CB0E}.Debug|Any CPU.Build.0 = Debug|Any CPU
		{374120E9-9652-49E7-B33B-DF1D0A76CB0E}.Release|Any CPU.ActiveCfg = Release|Any CPU
		{374120E9-9652-49E7-B33B-DF1D0A76CB0E}.Release|Any CPU.Build.0 = Release|Any CPU
	EndGlobalSection
	GlobalSection(SolutionProperties) = preSolution
		HideSolutionNode = FALSE
	EndGlobalSection
	GlobalSection(ExtensibilityGlobals) = postSolution
		SolutionGuid = {155729E3-08C7-4C98-A8DB-6CB2A089C178}
	EndGlobalSection
EndGlobal
